PODS:
  - DynamicColor (4.0.2)
  - Keys (1.0.0)
  - PocketAPI (1.0.3)
  - Realm (3.1.1):
    - Realm/Headers (= 3.1.1)
  - Realm/Headers (3.1.1)
  - RealmSwift (3.1.1):
    - Realm (= 3.1.1)
  - SwiftFormat/CLI (0.33.1)
  - SwiftyJSON (4.0.0)

DEPENDENCIES:
  - DynamicColor
  - Keys (from `Pods/CocoaPodsKeys`)
  - PocketAPI (from `https://github.com/tasuwo/Pocket-ObjC-SDK`)
  - RealmSwift
  - SwiftFormat/CLI
  - SwiftyJSON

EXTERNAL SOURCES:
  Keys:
    :path: Pods/CocoaPodsKeys
  PocketAPI:
    :git: https://github.com/tasuwo/Pocket-ObjC-SDK

CHECKOUT OPTIONS:
  PocketAPI:
    :commit: ff92da45de5c30ee3252f27a8d3f8af8a932d7f4
    :git: https://github.com/tasuwo/Pocket-ObjC-SDK

SPEC CHECKSUMS:
  DynamicColor: c7adcfe871781a2b39877a5774e452ba51b79eb3
  Keys: af65e23feef2a047b3277b1ef0399f1209ef9d46
  PocketAPI: f65f80eee2b05d28aeecf711b0f5b87ee2be3e28
  Realm: 42d1c38a5b1bbcc828b48a7ce702cb86fc68adf4
  RealmSwift: d31937ca6a6ee54acde64ec839523c0a3c04924b
  SwiftFormat: f96d738ff37906fa1f32a99c8d3417a7856a9b80
  SwiftyJSON: 070dabdcb1beb81b247c65ffa3a79dbbfb3b48aa

PODFILE CHECKSUM: e4bb95b8de9962baf1f9b018eb327011c886de54

COCOAPODS: 1.4.0
